# THIS IS AN AUTOGENERATED FILE. DO NOT EDIT THIS FILE DIRECTLY.
# yarn lockfile v1


"@ethersproject/abi@5.5.0", "@ethersproject/abi@^5.5.0":
  version "5.5.0"
  resolved "https://registry.yarnpkg.com/@ethersproject/abi/-/abi-5.5.0.tgz#fb52820e22e50b854ff15ce1647cc508d6660613"
  integrity sha512-loW7I4AohP5KycATvc0MgujU6JyCHPqHdeoo9z3Nr9xEiNioxa65ccdm1+fsoJhkuhdRtfcL8cfyGamz2AxZ5w==
  dependencies:
    "@ethersproject/address" "^5.5.0"
    "@ethersproject/bignumber" "^5.5.0"
    "@ethersproject/bytes" "^5.5.0"
    "@ethersproject/constants" "^5.5.0"
    "@ethersproject/hash" "^5.5.0"
    "@ethersproject/keccak256" "^5.5.0"
    "@ethersproject/logger" "^5.5.0"
    "@ethersproject/properties" "^5.5.0"
    "@ethersproject/strings" "^5.5.0"

"@ethersproject/abstract-provider@5.5.1", "@ethersproject/abstract-provider@^5.5.0":
  version "5.5.1"
  resolved "https://registry.yarnpkg.com/@ethersproject/abstract-provider/-/abstract-provider-5.5.1.tgz#2f1f6e8a3ab7d378d8ad0b5718460f85649710c5"
  integrity sha512-m+MA/ful6eKbxpr99xUYeRvLkfnlqzrF8SZ46d/xFB1A7ZVknYc/sXJG0RcufF52Qn2jeFj1hhcoQ7IXjNKUqg==
  dependencies:
    "@ethersproject/bignumber" "^5.5.0"
    "@ethersproject/bytes" "^5.5.0"
    "@ethersproject/logger" "^5.5.0"
    "@ethersproject/networks" "^5.5.0"
    "@ethersproject/properties" "^5.5.0"
    "@ethersproject/transactions" "^5.5.0"
    "@ethersproject/web" "^5.5.0"

"@ethersproject/abstract-signer@5.5.0", "@ethersproject/abstract-signer@^5.5.0":
  version "5.5.0"
  resolved "https://registry.yarnpkg.com/@ethersproject/abstract-signer/-/abstract-signer-5.5.0.tgz#590ff6693370c60ae376bf1c7ada59eb2a8dd08d"
  integrity sha512-lj//7r250MXVLKI7sVarXAbZXbv9P50lgmJQGr2/is82EwEb8r7HrxsmMqAjTsztMYy7ohrIhGMIml+Gx4D3mA==
  dependencies:
    "@ethersproject/abstract-provider" "^5.5.0"
    "@ethersproject/bignumber" "^5.5.0"
    "@ethersproject/bytes" "^5.5.0"
    "@ethersproject/logger" "^5.5.0"
    "@ethersproject/properties" "^5.5.0"

"@ethersproject/address@5.5.0", "@ethersproject/address@^5.5.0":
  version "5.5.0"
  resolved "https://registry.yarnpkg.com/@ethersproject/address/-/address-5.5.0.tgz#bcc6f576a553f21f3dd7ba17248f81b473c9c78f"
  integrity sha512-l4Nj0eWlTUh6ro5IbPTgbpT4wRbdH5l8CQf7icF7sb/SI3Nhd9Y9HzhonTSTi6CefI0necIw7LJqQPopPLZyWw==
  dependencies:
    "@ethersproject/bignumber" "^5.5.0"
    "@ethersproject/bytes" "^5.5.0"
    "@ethersproject/keccak256" "^5.5.0"
    "@ethersproject/logger" "^5.5.0"
    "@ethersproject/rlp" "^5.5.0"

"@ethersproject/base64@5.5.0", "@ethersproject/base64@^5.5.0":
  version "5.5.0"
  resolved "https://registry.yarnpkg.com/@ethersproject/base64/-/base64-5.5.0.tgz#881e8544e47ed976930836986e5eb8fab259c090"
  integrity sha512-tdayUKhU1ljrlHzEWbStXazDpsx4eg1dBXUSI6+mHlYklOXoXF6lZvw8tnD6oVaWfnMxAgRSKROg3cVKtCcppA==
  dependencies:
    "@ethersproject/bytes" "^5.5.0"

"@ethersproject/basex@5.5.0", "@ethersproject/basex@^5.5.0":
  version "5.5.0"
  resolved "https://registry.yarnpkg.com/@ethersproject/basex/-/basex-5.5.0.tgz#e40a53ae6d6b09ab4d977bd037010d4bed21b4d3"
  integrity sha512-ZIodwhHpVJ0Y3hUCfUucmxKsWQA5TMnavp5j/UOuDdzZWzJlRmuOjcTMIGgHCYuZmHt36BfiSyQPSRskPxbfaQ==
  dependencies:
    "@ethersproject/bytes" "^5.5.0"
    "@ethersproject/properties" "^5.5.0"

"@ethersproject/bignumber@5.5.0", "@ethersproject/bignumber@^5.5.0":
  version "5.5.0"
  resolved "https://registry.yarnpkg.com/@ethersproject/bignumber/-/bignumber-5.5.0.tgz#875b143f04a216f4f8b96245bde942d42d279527"
  integrity sha512-6Xytlwvy6Rn3U3gKEc1vP7nR92frHkv6wtVr95LFR3jREXiCPzdWxKQ1cx4JGQBXxcguAwjA8murlYN2TSiEbg==
  dependencies:
    "@ethersproject/bytes" "^5.5.0"
    "@ethersproject/logger" "^5.5.0"
    bn.js "^4.11.9"

"@ethersproject/bytes@5.5.0", "@ethersproject/bytes@^5.5.0":
  version "5.5.0"
  resolved "https://registry.yarnpkg.com/@ethersproject/bytes/-/bytes-5.5.0.tgz#cb11c526de657e7b45d2e0f0246fb3b9d29a601c"
  integrity sha512-ABvc7BHWhZU9PNM/tANm/Qx4ostPGadAuQzWTr3doklZOhDlmcBqclrQe/ZXUIj3K8wC28oYeuRa+A37tX9kog==
  dependencies:
    "@ethersproject/logger" "^5.5.0"

"@ethersproject/constants@5.5.0", "@ethersproject/constants@^5.5.0":
  version "5.5.0"
  resolved "https://registry.yarnpkg.com/@ethersproject/constants/-/constants-5.5.0.tgz#d2a2cd7d94bd1d58377d1d66c4f53c9be4d0a45e"
  integrity sha512-2MsRRVChkvMWR+GyMGY4N1sAX9Mt3J9KykCsgUFd/1mwS0UH1qw+Bv9k1UJb3X3YJYFco9H20pjSlOIfCG5HYQ==
  dependencies:
    "@ethersproject/bignumber" "^5.5.0"

"@ethersproject/contracts@5.5.0":
  version "5.5.0"
  resolved "https://registry.yarnpkg.com/@ethersproject/contracts/-/contracts-5.5.0.tgz#b735260d4bd61283a670a82d5275e2a38892c197"
  integrity sha512-2viY7NzyvJkh+Ug17v7g3/IJC8HqZBDcOjYARZLdzRxrfGlRgmYgl6xPRKVbEzy1dWKw/iv7chDcS83pg6cLxg==
  dependencies:
    "@ethersproject/abi" "^5.5.0"
    "@ethersproject/abstract-provider" "^5.5.0"
    "@ethersproject/abstract-signer" "^5.5.0"
    "@ethersproject/address" "^5.5.0"
    "@ethersproject/bignumber" "^5.5.0"
    "@ethersproject/bytes" "^5.5.0"
    "@ethersproject/constants" "^5.5.0"
    "@ethersproject/logger" "^5.5.0"
    "@ethersproject/properties" "^5.5.0"
    "@ethersproject/transactions" "^5.5.0"

"@ethersproject/hash@5.5.0", "@ethersproject/hash@^5.5.0":
  version "5.5.0"
  resolved "https://registry.yarnpkg.com/@ethersproject/hash/-/hash-5.5.0.tgz#7cee76d08f88d1873574c849e0207dcb32380cc9"
  integrity sha512-dnGVpK1WtBjmnp3mUT0PlU2MpapnwWI0PibldQEq1408tQBAbZpPidkWoVVuNMOl/lISO3+4hXZWCL3YV7qzfg==
  dependencies:
    "@ethersproject/abstract-signer" "^5.5.0"
    "@ethersproject/address" "^5.5.0"
    "@ethersproject/bignumber" "^5.5.0"
    "@ethersproject/bytes" "^5.5.0"
    "@ethersproject/keccak256" "^5.5.0"
    "@ethersproject/logger" "^5.5.0"
    "@ethersproject/properties" "^5.5.0"
    "@ethersproject/strings" "^5.5.0"

"@ethersproject/hdnode@5.5.0", "@ethersproject/hdnode@^5.5.0":
  version "5.5.0"
  resolved "https://registry.yarnpkg.com/@ethersproject/hdnode/-/hdnode-5.5.0.tgz#4a04e28f41c546f7c978528ea1575206a200ddf6"
  integrity sha512-mcSOo9zeUg1L0CoJH7zmxwUG5ggQHU1UrRf8jyTYy6HxdZV+r0PBoL1bxr+JHIPXRzS6u/UW4mEn43y0tmyF8Q==
  dependencies:
    "@ethersproject/abstract-signer" "^5.5.0"
    "@ethersproject/basex" "^5.5.0"
    "@ethersproject/bignumber" "^5.5.0"
    "@ethersproject/bytes" "^5.5.0"
    "@ethersproject/logger" "^5.5.0"
    "@ethersproject/pbkdf2" "^5.5.0"
    "@ethersproject/properties" "^5.5.0"
    "@ethersproject/sha2" "^5.5.0"
    "@ethersproject/signing-key" "^5.5.0"
    "@ethersproject/strings" "^5.5.0"
    "@ethersproject/transactions" "^5.5.0"
    "@ethersproject/wordlists" "^5.5.0"

"@ethersproject/json-wallets@5.5.0", "@ethersproject/json-wallets@^5.5.0":
  version "5.5.0"
  resolved "https://registry.yarnpkg.com/@ethersproject/json-wallets/-/json-wallets-5.5.0.tgz#dd522d4297e15bccc8e1427d247ec8376b60e325"
  integrity sha512-9lA21XQnCdcS72xlBn1jfQdj2A1VUxZzOzi9UkNdnokNKke/9Ya2xA9aIK1SC3PQyBDLt4C+dfps7ULpkvKikQ==
  dependencies:
    "@ethersproject/abstract-signer" "^5.5.0"
    "@ethersproject/address" "^5.5.0"
    "@ethersproject/bytes" "^5.5.0"
    "@ethersproject/hdnode" "^5.5.0"
    "@ethersproject/keccak256" "^5.5.0"
    "@ethersproject/logger" "^5.5.0"
    "@ethersproject/pbkdf2" "^5.5.0"
    "@ethersproject/properties" "^5.5.0"
    "@ethersproject/random" "^5.5.0"
    "@ethersproject/strings" "^5.5.0"
    "@ethersproject/transactions" "^5.5.0"
    aes-js "3.0.0"
    scrypt-js "3.0.1"

"@ethersproject/keccak256@5.5.0", "@ethersproject/keccak256@^5.5.0":
  version "5.5.0"
  resolved "https://registry.yarnpkg.com/@ethersproject/keccak256/-/keccak256-5.5.0.tgz#e4b1f9d7701da87c564ffe336f86dcee82983492"
  integrity sha512-5VoFCTjo2rYbBe1l2f4mccaRFN/4VQEYFwwn04aJV2h7qf4ZvI2wFxUE1XOX+snbwCLRzIeikOqtAoPwMza9kg==
  dependencies:
    "@ethersproject/bytes" "^5.5.0"
    js-sha3 "0.8.0"

"@ethersproject/logger@5.5.0", "@ethersproject/logger@^5.5.0":
  version "5.5.0"
  resolved "https://registry.yarnpkg.com/@ethersproject/logger/-/logger-5.5.0.tgz#0c2caebeff98e10aefa5aef27d7441c7fd18cf5d"
  integrity sha512-rIY/6WPm7T8n3qS2vuHTUBPdXHl+rGxWxW5okDfo9J4Z0+gRRZT0msvUdIJkE4/HS29GUMziwGaaKO2bWONBrg==

"@ethersproject/networks@5.5.0", "@ethersproject/networks@^5.5.0":
  version "5.5.0"
  resolved "https://registry.yarnpkg.com/@ethersproject/networks/-/networks-5.5.0.tgz#babec47cab892c51f8dd652ce7f2e3e14283981a"
  integrity sha512-KWfP3xOnJeF89Uf/FCJdV1a2aDJe5XTN2N52p4fcQ34QhDqQFkgQKZ39VGtiqUgHcLI8DfT0l9azC3KFTunqtA==
  dependencies:
    "@ethersproject/logger" "^5.5.0"

"@ethersproject/pbkdf2@5.5.0", "@ethersproject/pbkdf2@^5.5.0":
  version "5.5.0"
  resolved "https://registry.yarnpkg.com/@ethersproject/pbkdf2/-/pbkdf2-5.5.0.tgz#e25032cdf02f31505d47afbf9c3e000d95c4a050"
  integrity sha512-SaDvQFvXPnz1QGpzr6/HToLifftSXGoXrbpZ6BvoZhmx4bNLHrxDe8MZisuecyOziP1aVEwzC2Hasj+86TgWVg==
  dependencies:
    "@ethersproject/bytes" "^5.5.0"
    "@ethersproject/sha2" "^5.5.0"

"@ethersproject/properties@5.5.0", "@ethersproject/properties@^5.5.0":
  version "5.5.0"
  resolved "https://registry.yarnpkg.com/@ethersproject/properties/-/properties-5.5.0.tgz#61f00f2bb83376d2071baab02245f92070c59995"
  integrity sha512-l3zRQg3JkD8EL3CPjNK5g7kMx4qSwiR60/uk5IVjd3oq1MZR5qUg40CNOoEJoX5wc3DyY5bt9EbMk86C7x0DNA==
  dependencies:
    "@ethersproject/logger" "^5.5.0"

"@ethersproject/providers@5.5.0":
  version "5.5.0"
  resolved "https://registry.yarnpkg.com/@ethersproject/providers/-/providers-5.5.0.tgz#bc2876a8fe5e0053ed9828b1f3767ae46e43758b"
  integrity sha512-xqMbDnS/FPy+J/9mBLKddzyLLAQFjrVff5g00efqxPzcAwXiR+SiCGVy6eJ5iAIirBOATjx7QLhDNPGV+AEQsw==
  dependencies:
    "@ethersproject/abstract-provider" "^5.5.0"
    "@ethersproject/abstract-signer" "^5.5.0"
    "@ethersproject/address" "^5.5.0"
    "@ethersproject/basex" "^5.5.0"
    "@ethersproject/bignumber" "^5.5.0"
    "@ethersproject/bytes" "^5.5.0"
    "@ethersproject/constants" "^5.5.0"
    "@ethersproject/hash" "^5.5.0"
    "@ethersproject/logger" "^5.5.0"
    "@ethersproject/networks" "^5.5.0"
    "@ethersproject/properties" "^5.5.0"
    "@ethersproject/random" "^5.5.0"
    "@ethersproject/rlp" "^5.5.0"
    "@ethersproject/sha2" "^5.5.0"
    "@ethersproject/strings" "^5.5.0"
    "@ethersproject/transactions" "^5.5.0"
    "@ethersproject/web" "^5.5.0"
    bech32 "1.1.4"
    ws "7.4.6"

"@ethersproject/random@5.5.0", "@ethersproject/random@^5.5.0":
  version "5.5.0"
  resolved "https://registry.yarnpkg.com/@ethersproject/random/-/random-5.5.0.tgz#305ed9e033ca537735365ac12eed88580b0f81f9"
  integrity sha512-egGYZwZ/YIFKMHcoBUo8t3a8Hb/TKYX8BCBoLjudVCZh892welR3jOxgOmb48xznc9bTcMm7Tpwc1gHC1PFNFQ==
  dependencies:
    "@ethersproject/bytes" "^5.5.0"
    "@ethersproject/logger" "^5.5.0"

"@ethersproject/rlp@5.5.0", "@ethersproject/rlp@^5.5.0":
  version "5.5.0"
  resolved "https://registry.yarnpkg.com/@ethersproject/rlp/-/rlp-5.5.0.tgz#530f4f608f9ca9d4f89c24ab95db58ab56ab99a0"
  integrity sha512-hLv8XaQ8PTI9g2RHoQGf/WSxBfTB/NudRacbzdxmst5VHAqd1sMibWG7SENzT5Dj3yZ3kJYx+WiRYEcQTAkcYA==
  dependencies:
    "@ethersproject/bytes" "^5.5.0"
    "@ethersproject/logger" "^5.5.0"

"@ethersproject/sha2@5.5.0", "@ethersproject/sha2@^5.5.0":
  version "5.5.0"
  resolved "https://registry.yarnpkg.com/@ethersproject/sha2/-/sha2-5.5.0.tgz#a40a054c61f98fd9eee99af2c3cc6ff57ec24db7"
  integrity sha512-B5UBoglbCiHamRVPLA110J+2uqsifpZaTmid2/7W5rbtYVz6gus6/hSDieIU/6gaKIDcOj12WnOdiymEUHIAOA==
  dependencies:
    "@ethersproject/bytes" "^5.5.0"
    "@ethersproject/logger" "^5.5.0"
    hash.js "1.1.7"

"@ethersproject/signing-key@5.5.0", "@ethersproject/signing-key@^5.5.0":
  version "5.5.0"
  resolved "https://registry.yarnpkg.com/@ethersproject/signing-key/-/signing-key-5.5.0.tgz#2aa37169ce7e01e3e80f2c14325f624c29cedbe0"
  integrity sha512-5VmseH7qjtNmDdZBswavhotYbWB0bOwKIlOTSlX14rKn5c11QmJwGt4GHeo7NrL/Ycl7uo9AHvEqs5xZgFBTng==
  dependencies:
    "@ethersproject/bytes" "^5.5.0"
    "@ethersproject/logger" "^5.5.0"
    "@ethersproject/properties" "^5.5.0"
    bn.js "^4.11.9"
    elliptic "6.5.4"
    hash.js "1.1.7"

"@ethersproject/solidity@5.5.0":
  version "5.5.0"
  resolved "https://registry.yarnpkg.com/@ethersproject/solidity/-/solidity-5.5.0.tgz#2662eb3e5da471b85a20531e420054278362f93f"
  integrity sha512-9NgZs9LhGMj6aCtHXhtmFQ4AN4sth5HuFXVvAQtzmm0jpSCNOTGtrHZJAeYTh7MBjRR8brylWZxBZR9zDStXbw==
  dependencies:
    "@ethersproject/bignumber" "^5.5.0"
    "@ethersproject/bytes" "^5.5.0"
    "@ethersproject/keccak256" "^5.5.0"
    "@ethersproject/logger" "^5.5.0"
    "@ethersproject/sha2" "^5.5.0"
    "@ethersproject/strings" "^5.5.0"

"@ethersproject/strings@5.5.0", "@ethersproject/strings@^5.5.0":
  version "5.5.0"
  resolved "https://registry.yarnpkg.com/@ethersproject/strings/-/strings-5.5.0.tgz#e6784d00ec6c57710755699003bc747e98c5d549"
  integrity sha512-9fy3TtF5LrX/wTrBaT8FGE6TDJyVjOvXynXJz5MT5azq+E6D92zuKNx7i29sWW2FjVOaWjAsiZ1ZWznuduTIIQ==
  dependencies:
    "@ethersproject/bytes" "^5.5.0"
    "@ethersproject/constants" "^5.5.0"
    "@ethersproject/logger" "^5.5.0"

"@ethersproject/transactions@5.5.0", "@ethersproject/transactions@^5.5.0":
  version "5.5.0"
  resolved "https://registry.yarnpkg.com/@ethersproject/transactions/-/transactions-5.5.0.tgz#7e9bf72e97bcdf69db34fe0d59e2f4203c7a2908"
  integrity sha512-9RZYSKX26KfzEd/1eqvv8pLauCKzDTub0Ko4LfIgaERvRuwyaNV78mJs7cpIgZaDl6RJui4o49lHwwCM0526zA==
  dependencies:
    "@ethersproject/address" "^5.5.0"
    "@ethersproject/bignumber" "^5.5.0"
    "@ethersproject/bytes" "^5.5.0"
    "@ethersproject/constants" "^5.5.0"
    "@ethersproject/keccak256" "^5.5.0"
    "@ethersproject/logger" "^5.5.0"
    "@ethersproject/properties" "^5.5.0"
    "@ethersproject/rlp" "^5.5.0"
    "@ethersproject/signing-key" "^5.5.0"

"@ethersproject/units@5.5.0":
  version "5.5.0"
  resolved "https://registry.yarnpkg.com/@ethersproject/units/-/units-5.5.0.tgz#104d02db5b5dc42cc672cc4587bafb87a95ee45e"
  integrity sha512-7+DpjiZk4v6wrikj+TCyWWa9dXLNU73tSTa7n0TSJDxkYbV3Yf1eRh9ToMLlZtuctNYu9RDNNy2USq3AdqSbag==
  dependencies:
    "@ethersproject/bignumber" "^5.5.0"
    "@ethersproject/constants" "^5.5.0"
    "@ethersproject/logger" "^5.5.0"

"@ethersproject/wallet@5.5.0":
  version "5.5.0"
  resolved "https://registry.yarnpkg.com/@ethersproject/wallet/-/wallet-5.5.0.tgz#322a10527a440ece593980dca6182f17d54eae75"
  integrity sha512-Mlu13hIctSYaZmUOo7r2PhNSd8eaMPVXe1wxrz4w4FCE4tDYBywDH+bAR1Xz2ADyXGwqYMwstzTrtUVIsKDO0Q==
  dependencies:
    "@ethersproject/abstract-provider" "^5.5.0"
    "@ethersproject/abstract-signer" "^5.5.0"
    "@ethersproject/address" "^5.5.0"
    "@ethersproject/bignumber" "^5.5.0"
    "@ethersproject/bytes" "^5.5.0"
    "@ethersproject/hash" "^5.5.0"
    "@ethersproject/hdnode" "^5.5.0"
    "@ethersproject/json-wallets" "^5.5.0"
    "@ethersproject/keccak256" "^5.5.0"
    "@ethersproject/logger" "^5.5.0"
    "@ethersproject/properties" "^5.5.0"
    "@ethersproject/random" "^5.5.0"
    "@ethersproject/signing-key" "^5.5.0"
    "@ethersproject/transactions" "^5.5.0"
    "@ethersproject/wordlists" "^5.5.0"

"@ethersproject/web@5.5.0", "@ethersproject/web@^5.5.0":
  version "5.5.0"
  resolved "https://registry.yarnpkg.com/@ethersproject/web/-/web-5.5.0.tgz#0e5bb21a2b58fb4960a705bfc6522a6acf461e28"
  integrity sha512-BEgY0eL5oH4mAo37TNYVrFeHsIXLRxggCRG/ksRIxI2X5uj5IsjGmcNiRN/VirQOlBxcUhCgHhaDLG4m6XAVoA==
  dependencies:
    "@ethersproject/base64" "^5.5.0"
    "@ethersproject/bytes" "^5.5.0"
    "@ethersproject/logger" "^5.5.0"
    "@ethersproject/properties" "^5.5.0"
    "@ethersproject/strings" "^5.5.0"

"@ethersproject/wordlists@5.5.0", "@ethersproject/wordlists@^5.5.0":
  version "5.5.0"
  resolved "https://registry.yarnpkg.com/@ethersproject/wordlists/-/wordlists-5.5.0.tgz#aac74963aa43e643638e5172353d931b347d584f"
  integrity sha512-bL0UTReWDiaQJJYOC9sh/XcRu/9i2jMrzf8VLRmPKx58ckSlOJiohODkECCO50dtLZHcGU6MLXQ4OOrgBwP77Q==
  dependencies:
    "@ethersproject/bytes" "^5.5.0"
    "@ethersproject/hash" "^5.5.0"
    "@ethersproject/logger" "^5.5.0"
    "@ethersproject/properties" "^5.5.0"
    "@ethersproject/strings" "^5.5.0"

aes-js@3.0.0:
  version "3.0.0"
  resolved "https://registry.yarnpkg.com/aes-js/-/aes-js-3.0.0.tgz#e21df10ad6c2053295bcbb8dab40b09dbea87e4d"
  integrity sha1-4h3xCtbCBTKVvLuNq0Cwnb6ofk0=

bech32@1.1.4:
  version "1.1.4"
  resolved "https://registry.yarnpkg.com/bech32/-/bech32-1.1.4.tgz#e38c9f37bf179b8eb16ae3a772b40c356d4832e9"
  integrity sha512-s0IrSOzLlbvX7yp4WBfPITzpAU8sqQcpsmwXDiKwrG4r491vwCO/XpejasRNl0piBMe/DvP4Tz0mIS/X1DPJBQ==

bn.js@^4.11.9:
  version "4.12.0"
  resolved "https://registry.yarnpkg.com/bn.js/-/bn.js-4.12.0.tgz#775b3f278efbb9718eec7361f483fb36fbbfea88"
  integrity sha512-c98Bf3tPniI+scsdk237ku1Dc3ujXQTSgyiPUDEOe7tRkhrqridvh8klBv0HCEso1OLOYcHuCv/cS6DNxKH+ZA==

brorand@^1.1.0:
  version "1.1.0"
  resolved "https://registry.yarnpkg.com/brorand/-/brorand-1.1.0.tgz#12c25efe40a45e3c323eb8675a0a0ce57b22371f"
  integrity sha1-EsJe/kCkXjwyPrhnWgoM5XsiNx8=

call-bind@^1.0.0:
  version "1.0.2"
  resolved "https://registry.yarnpkg.com/call-bind/-/call-bind-1.0.2.tgz#b1d4e89e688119c3c9a903ad30abb2f6a919be3c"
  integrity sha512-7O+FbCihrB5WGbFYesctwmTKae6rOiIzmz1icreWJ+0aA7LJfuqhEso2T9ncpcFtzMQtzXf2QGGueWJGTYsqrA==
  dependencies:
    function-bind "^1.1.1"
    get-intrinsic "^1.0.2"

colors@^1.4.0:
  version "1.4.0"
  resolved "https://registry.yarnpkg.com/colors/-/colors-1.4.0.tgz#c50491479d4c1bdaed2c9ced32cf7c7dc2360f78"
  integrity sha512-a+UqTh4kgZg/SlGvfbzDHpgRu7AAQOmmqRHJnxhRZICKFUT91brVhNNt58CMWU9PsBbv3PDCZUHbVxuDiH2mtA==

cron-parser@^3.1.0:
  version "3.5.0"
  resolved "https://registry.yarnpkg.com/cron-parser/-/cron-parser-3.5.0.tgz#b1a9da9514c0310aa7ef99c2f3f1d0f8c235257c"
  integrity sha512-wyVZtbRs6qDfFd8ap457w3XVntdvqcwBGxBoTvJQH9KGVKL/fB+h2k3C8AqiVxvUQKN1Ps/Ns46CNViOpVDhfQ==
  dependencies:
    is-nan "^1.3.2"
    luxon "^1.26.0"

data-uri-to-buffer@^4.0.0:
  version "4.0.0"
  resolved "https://registry.yarnpkg.com/data-uri-to-buffer/-/data-uri-to-buffer-4.0.0.tgz#b5db46aea50f6176428ac05b73be39a57701a64b"
  integrity sha512-Vr3mLBA8qWmcuschSLAOogKgQ/Jwxulv3RNE4FXnYWRGujzrRWQI4m12fQqRkwX06C0KanhLr4hK+GydchZsaA==

define-properties@^1.1.3:
  version "1.1.3"
  resolved "https://registry.yarnpkg.com/define-properties/-/define-properties-1.1.3.tgz#cf88da6cbee26fe6db7094f61d870cbd84cee9f1"
  integrity sha512-3MqfYKj2lLzdMSf8ZIZE/V+Zuy+BgD6f164e8K2w7dgnpKArBDerGYpM46IYYcjnkdPNMjPk9A6VFB8+3SKlXQ==
  dependencies:
    object-keys "^1.0.12"

elliptic@6.5.4:
  version "6.5.4"
  resolved "https://registry.yarnpkg.com/elliptic/-/elliptic-6.5.4.tgz#da37cebd31e79a1367e941b592ed1fbebd58abbb"
  integrity sha512-iLhC6ULemrljPZb+QutR5TQGB+pdW6KGD5RSegS+8sorOZT+rdQFbsQFJgvN3eRqNALqJer4oQ16YvJHlU8hzQ==
  dependencies:
    bn.js "^4.11.9"
    brorand "^1.1.0"
    hash.js "^1.0.0"
    hmac-drbg "^1.0.1"
    inherits "^2.0.4"
    minimalistic-assert "^1.0.1"
    minimalistic-crypto-utils "^1.0.1"

ethers@^5.5.1:
  version "5.5.1"
  resolved "https://registry.yarnpkg.com/ethers/-/ethers-5.5.1.tgz#d3259a95a42557844aa543906c537106c0406fbf"
  integrity sha512-RodEvUFZI+EmFcE6bwkuJqpCYHazdzeR1nMzg+YWQSmQEsNtfl1KHGfp/FWZYl48bI/g7cgBeP2IlPthjiVngw==
  dependencies:
    "@ethersproject/abi" "5.5.0"
    "@ethersproject/abstract-provider" "5.5.1"
    "@ethersproject/abstract-signer" "5.5.0"
    "@ethersproject/address" "5.5.0"
    "@ethersproject/base64" "5.5.0"
    "@ethersproject/basex" "5.5.0"
    "@ethersproject/bignumber" "5.5.0"
    "@ethersproject/bytes" "5.5.0"
    "@ethersproject/constants" "5.5.0"
    "@ethersproject/contracts" "5.5.0"
    "@ethersproject/hash" "5.5.0"
    "@ethersproject/hdnode" "5.5.0"
    "@ethersproject/json-wallets" "5.5.0"
    "@ethersproject/keccak256" "5.5.0"
    "@ethersproject/logger" "5.5.0"
    "@ethersproject/networks" "5.5.0"
    "@ethersproject/pbkdf2" "5.5.0"
    "@ethersproject/properties" "5.5.0"
    "@ethersproject/providers" "5.5.0"
    "@ethersproject/random" "5.5.0"
    "@ethersproject/rlp" "5.5.0"
    "@ethersproject/sha2" "5.5.0"
    "@ethersproject/signing-key" "5.5.0"
    "@ethersproject/solidity" "5.5.0"
    "@ethersproject/strings" "5.5.0"
    "@ethersproject/transactions" "5.5.0"
    "@ethersproject/units" "5.5.0"
    "@ethersproject/wallet" "5.5.0"
    "@ethersproject/web" "5.5.0"
    "@ethersproject/wordlists" "5.5.0"

fetch-blob@^3.1.2:
  version "3.1.3"
  resolved "https://registry.yarnpkg.com/fetch-blob/-/fetch-blob-3.1.3.tgz#a7dca4855e39d3e3c5a1da62d4ee335c37d26012"
  integrity sha512-ax1Y5I9w+9+JiM+wdHkhBoxew+zG4AJ2SvAD1v1szpddUIiPERVGBxrMcB2ZqW0Y3PP8bOWYv2zqQq1Jp2kqUQ==
  dependencies:
    web-streams-polyfill "^3.0.3"

formdata-polyfill@^4.0.10:
  version "4.0.10"
  resolved "https://registry.yarnpkg.com/formdata-polyfill/-/formdata-polyfill-4.0.10.tgz#24807c31c9d402e002ab3d8c720144ceb8848423"
  integrity sha512-buewHzMvYL29jdeQTVILecSaZKnt/RJWjoZCF5OW60Z67/GmSLBkOFM7qh1PI3zFNtJbaZL5eQu1vLfazOwj4g==
  dependencies:
    fetch-blob "^3.1.2"

function-bind@^1.1.1:
  version "1.1.1"
  resolved "https://registry.yarnpkg.com/function-bind/-/function-bind-1.1.1.tgz#a56899d3ea3c9bab874bb9773b7c5ede92f4895d"
  integrity sha512-yIovAzMX49sF8Yl58fSCWJ5svSLuaibPxXQJFLmBObTuCr0Mf1KiPopGM9NiFjiYBCbfaa2Fh6breQ6ANVTI0A==

get-intrinsic@^1.0.2:
  version "1.1.1"
  resolved "https://registry.yarnpkg.com/get-intrinsic/-/get-intrinsic-1.1.1.tgz#15f59f376f855c446963948f0d24cd3637b4abc6"
  integrity sha512-kWZrnVM42QCiEA2Ig1bG8zjoIMOgxWwYCEeNdwY6Tv/cOSeGpcoX4pXHfKUxNKVoArnrEr2e9srnAxxGIraS9Q==
  dependencies:
    function-bind "^1.1.1"
    has "^1.0.3"
    has-symbols "^1.0.1"

has-symbols@^1.0.1:
  version "1.0.2"
  resolved "https://registry.yarnpkg.com/has-symbols/-/has-symbols-1.0.2.tgz#165d3070c00309752a1236a479331e3ac56f1423"
  integrity sha512-chXa79rL/UC2KlX17jo3vRGz0azaWEx5tGqZg5pO3NUyEJVB17dMruQlzCCOfUvElghKcm5194+BCRvi2Rv/Gw==

has@^1.0.3:
  version "1.0.3"
  resolved "https://registry.yarnpkg.com/has/-/has-1.0.3.tgz#722d7cbfc1f6aa8241f16dd814e011e1f41e8796"
  integrity sha512-f2dvO0VU6Oej7RkWJGrehjbzMAjFp5/VKPp5tTpWIV4JHHZK1/BxbFRtf/siA2SWTe09caDmVtYYzWEIbBS4zw==
  dependencies:
    function-bind "^1.1.1"

hash.js@1.1.7, hash.js@^1.0.0, hash.js@^1.0.3:
  version "1.1.7"
  resolved "https://registry.yarnpkg.com/hash.js/-/hash.js-1.1.7.tgz#0babca538e8d4ee4a0f8988d68866537a003cf42"
  integrity sha512-taOaskGt4z4SOANNseOviYDvjEJinIkRgmp7LbKP2YTTmVxWBl87s/uzK9r+44BclBSp2X7K1hqeNfz9JbBeXA==
  dependencies:
    inherits "^2.0.3"
    minimalistic-assert "^1.0.1"

hmac-drbg@^1.0.1:
  version "1.0.1"
  resolved "https://registry.yarnpkg.com/hmac-drbg/-/hmac-drbg-1.0.1.tgz#d2745701025a6c775a6c545793ed502fc0c649a1"
  integrity sha1-0nRXAQJabHdabFRXk+1QL8DGSaE=
  dependencies:
    hash.js "^1.0.3"
    minimalistic-assert "^1.0.0"
    minimalistic-crypto-utils "^1.0.1"

inherits@^2.0.3, inherits@^2.0.4:
  version "2.0.4"
  resolved "https://registry.yarnpkg.com/inherits/-/inherits-2.0.4.tgz#0fa2c64f932917c3433a0ded55363aae37416b7c"
  integrity sha512-k/vGaX4/Yla3WzyMCvTQOXYeIHvqOKtnqBduzTHpzpQZzAskKMhZ2K+EnBiSM9zGSoIFeMpXKxa4dYeZIQqewQ==

is-nan@^1.3.2:
  version "1.3.2"
  resolved "https://registry.yarnpkg.com/is-nan/-/is-nan-1.3.2.tgz#043a54adea31748b55b6cd4e09aadafa69bd9e1d"
  integrity sha512-E+zBKpQ2t6MEo1VsonYmluk9NxGrbzpeeLC2xIViuO2EjU2xsXsBPwTr3Ykv9l08UYEVEdWeRZNouaZqF6RN0w==
  dependencies:
    call-bind "^1.0.0"
    define-properties "^1.1.3"

js-sha3@0.8.0:
  version "0.8.0"
  resolved "https://registry.yarnpkg.com/js-sha3/-/js-sha3-0.8.0.tgz#b9b7a5da73afad7dedd0f8c463954cbde6818840"
  integrity sha512-gF1cRrHhIzNfToc802P800N8PpXS+evLLXfsVpowqmAFR9uwbi89WvXg2QspOmXL8QL86J4T1EpFu+yUkwJY3Q==

long-timeout@0.1.1:
  version "0.1.1"
  resolved "https://registry.yarnpkg.com/long-timeout/-/long-timeout-0.1.1.tgz#9721d788b47e0bcb5a24c2e2bee1a0da55dab514"
  integrity sha1-lyHXiLR+C8taJMLivuGg2lXatRQ=

luxon@^1.26.0:
  version "1.28.0"
  resolved "https://registry.yarnpkg.com/luxon/-/luxon-1.28.0.tgz#e7f96daad3938c06a62de0fb027115d251251fbf"
  integrity sha512-TfTiyvZhwBYM/7QdAVDh+7dBTBA29v4ik0Ce9zda3Mnf8on1S5KJI8P2jKFZ8+5C0jhmr0KwJEO/Wdpm0VeWJQ==

minimalistic-assert@^1.0.0, minimalistic-assert@^1.0.1:
  version "1.0.1"
  resolved "https://registry.yarnpkg.com/minimalistic-assert/-/minimalistic-assert-1.0.1.tgz#2e194de044626d4a10e7f7fbc00ce73e83e4d5c7"
  integrity sha512-UtJcAD4yEaGtjPezWuO9wC4nwUnVH/8/Im3yEHQP4b67cXlD/Qr9hdITCU1xDbSEXg2XKNaP8jsReV7vQd00/A==

minimalistic-crypto-utils@^1.0.1:
  version "1.0.1"
  resolved "https://registry.yarnpkg.com/minimalistic-crypto-utils/-/minimalistic-crypto-utils-1.0.1.tgz#f6c00c1c0b082246e5c4d99dfb8c7c083b2b582a"
  integrity sha1-9sAMHAsIIkblxNmd+4x8CDsrWCo=

node-fetch@^3.1.0:
  version "3.1.0"
  resolved "https://registry.yarnpkg.com/node-fetch/-/node-fetch-3.1.0.tgz#714f4922dc270239487654eaeeab86b8206cb52e"
  integrity sha512-QU0WbIfMUjd5+MUzQOYhenAazakV7Irh1SGkWCsRzBwvm4fAhzEUaHMJ6QLP7gWT6WO9/oH2zhKMMGMuIrDyKw==
  dependencies:
    data-uri-to-buffer "^4.0.0"
    fetch-blob "^3.1.2"
    formdata-polyfill "^4.0.10"

node-schedule@^2.0.0:
  version "2.0.0"
  resolved "https://registry.yarnpkg.com/node-schedule/-/node-schedule-2.0.0.tgz#73ab4957d056c63708409cc1fab676e0e149c191"
  integrity sha512-cHc9KEcfiuXxYDU+HjsBVo2FkWL1jRAUoczFoMIzRBpOA4p/NRHuuLs85AWOLgKsHtSPjN8csvwIxc2SqMv+CQ==
  dependencies:
    cron-parser "^3.1.0"
    long-timeout "0.1.1"
    sorted-array-functions "^1.3.0"

object-keys@^1.0.12:
  version "1.1.1"
  resolved "https://registry.yarnpkg.com/object-keys/-/object-keys-1.1.1.tgz#1c47f272df277f3b1daf061677d9c82e2322c60e"
  integrity sha512-NuAESUOUMrlIXOfHKzD6bpPu3tYt3xvjNdRIQ+FeT0lNb4K8WR70CaDxhuNguS2XG+GjkyMwOzsN5ZktImfhLA==

scrypt-js@3.0.1:
  version "3.0.1"
  resolved "https://registry.yarnpkg.com/scrypt-js/-/scrypt-js-3.0.1.tgz#d314a57c2aef69d1ad98a138a21fe9eafa9ee312"
  integrity sha512-cdwTTnqPu0Hyvf5in5asVdZocVDTNRmR7XEcJuIzMjJeSHybHl7vpB66AzwTaIg6CLSbtjcxc8fqcySfnTkccA==

sorted-array-functions@^1.3.0:
  version "1.3.0"
  resolved "https://registry.yarnpkg.com/sorted-array-functions/-/sorted-array-functions-1.3.0.tgz#8605695563294dffb2c9796d602bd8459f7a0dd5"
  integrity sha512-2sqgzeFlid6N4Z2fUQ1cvFmTOLRi/sEDzSQ0OKYchqgoPmQBVyM3959qYx3fpS6Esef80KjmpgPeEr028dP3OA==

web-streams-polyfill@^3.0.3:
  version "3.2.0"
  resolved "https://registry.yarnpkg.com/web-streams-polyfill/-/web-streams-polyfill-3.2.0.tgz#a6b74026b38e4885869fb5c589e90b95ccfc7965"
  integrity sha512-EqPmREeOzttaLRm5HS7io98goBgZ7IVz79aDvqjD0kYXLtFZTc0T/U6wHTPKyIjb+MdN7DFIIX6hgdBEpWmfPA==

ws@7.4.6:
  version "7.4.6"
  resolved "https://registry.yarnpkg.com/ws/-/ws-7.4.6.tgz#5654ca8ecdeee47c33a9a4bf6d28e2be2980377c"
  integrity sha512-YmhHDO4MzaDLB+M9ym/mDA5z0naX8j7SIlT8f8z+I0VtzsRbekxEutHSme7NPS2qE8StCYQNUnfWdXta/Yu85A==
